<?xml version="1.0" encoding="utf-8"?>
<Project ToolsVersion="4.0" xmlns="http://schemas.microsoft.com/developer/msbuild/2003">
  <ItemGroup>
    <Filter Include="main">
      <UniqueIdentifier>{3526037d-2c20-467f-8dd1-b70039b7d828}</UniqueIdentifier>
    </Filter>
    <Filter Include="core">
      <UniqueIdentifier>{89fa1c86-f633-4d86-aef2-5e6edbb2faf1}</UniqueIdentifier>
    </Filter>
    <Filter Include="core\library">
      <UniqueIdentifier>{fbabc4b7-22ba-4c2a-958f-81c067bda164}</UniqueIdentifier>
    </Filter>
  </ItemGroup>
  <ItemGroup>
    <ClCompile Include="main\main.cpp">
      <Filter>main</Filter>
    </ClCompile>
    <ClCompile Include="core\library\str_lib.cpp">
      <Filter>core\library</Filter>
    </ClCompile>
  </ItemGroup>
  <ItemGroup>
    <ClInclude Include="core\library\str_lib.h">
      <Filter>core\library</Filter>
    </ClInclude>
  </ItemGroup>
</Project>